
Microsoft Visual Studio Solution File, Format Version 12.00
# Visual Studio Version 17
VisualStudioVersion = 17.8.34316.72
MinimumVisualStudioVersion = 10.0.40219.1
Project("{FAE04EC0-301F-11D3-BF4B-00C04F79EFBC}") = "Sistema de Hotel", "Sistema de Hotel\Sistema de Hotel.csproj", "{B39FE4D8-8687-44B4-9E7B-6FA9F52033FD}"
EndProject
Global
	GlobalSection(SolutionConfigurationPlatforms) = preSolution
		Debug|Any CPU = Debug|Any CPU
		Release|Any CPU = Release|Any CPU
	EndGlobalSection
	GlobalSection(ProjectConfigurationPlatforms) = postSolution
		{B39FE4D8-8687-44B4-9E7B-6FA9F52033FD}.Debug|Any CPU.ActiveCfg = Debug|Any CPU
		{B39FE4D8-8687-44B4-9E7B-6FA9F52033FD}.Debug|Any CPU.Build.0 = Debug|Any CPU
		{B39FE4D8-8687-44B4-9E7B-6FA9F52033FD}.Release|Any CPU.ActiveCfg = Release|Any CPU
		{B39FE4D8-8687-44B4-9E7B-6FA9F52033FD}.Release|Any CPU.Build.0 = Release|Any CPU
	EndGlobalSection
	GlobalSection(SolutionProperties) = preSolution
		HideSolutionNode = FALSE
	EndGlobalSection
	GlobalSection(ExtensibilityGlobals) = postSolution
		SolutionGuid = {A09C863B-A278-44B7-91C6-4093E0934BA2}
	EndGlobalSection
EndGlobal
